
Microsoft Visual Studio Solution File, Format Version 12.00
# Visual Studio Version 16
VisualStudioVersion = 16.0.31624.102
MinimumVisualStudioVersion = 10.0.40219.1
Project("{9A19103F-16F7-4668-BE54-9A1E7A4F7556}") = "DPProbsLib", "DPProbsLib\DPProbsLib.csproj", "{B8C49BC1-2AA7-4642-857B-046E1A9C6392}"
EndProject
Project("{9A19103F-16F7-4668-BE54-9A1E7A4F7556}") = "DPProbsClient", "DPProbsClient\DPProbsClient.csproj", "{52DA59B6-ED74-4EC7-8E60-CBA9357C660D}"
EndProject
Global
	GlobalSection(SolutionConfigurationPlatforms) = preSolution
		Debug|Any CPU = Debug|Any CPU
		Release|Any CPU = Release|Any CPU
	EndGlobalSection
	GlobalSection(ProjectConfigurationPlatforms) = postSolution
		{B8C49BC1-2AA7-4642-857B-046E1A9C6392}.Debug|Any CPU.ActiveCfg = Debug|Any CPU
		{B8C49BC1-2AA7-4642-857B-046E1A9C6392}.Debug|Any CPU.Build.0 = Debug|Any CPU
		{B8C49BC1-2AA7-4642-857B-046E1A9C6392}.Release|Any CPU.ActiveCfg = Release|Any CPU
		{B8C49BC1-2AA7-4642-857B-046E1A9C6392}.Release|Any CPU.Build.0 = Release|Any CPU
		{52DA59B6-ED74-4EC7-8E60-CBA9357C660D}.Debug|Any CPU.ActiveCfg = Debug|Any CPU
		{52DA59B6-ED74-4EC7-8E60-CBA9357C660D}.Debug|Any CPU.Build.0 = Debug|Any CPU
		{52DA59B6-ED74-4EC7-8E60-CBA9357C660D}.Release|Any CPU.ActiveCfg = Release|Any CPU
		{52DA59B6-ED74-4EC7-8E60-CBA9357C660D}.Release|Any CPU.Build.0 = Release|Any CPU
	EndGlobalSection
	GlobalSection(SolutionProperties) = preSolution
		HideSolutionNode = FALSE
	EndGlobalSection
	GlobalSection(ExtensibilityGlobals) = postSolution
		SolutionGuid = {BF648922-F202-4C35-B744-E97EC130C164}
	EndGlobalSection
EndGlobal
